// !$*UTF8*$!
{
	archiveVersion = 1;
	classes = {
	};
	objectVersion = 46;
	objects = {

/* Begin PBXBuildFile section */
		4448A0D31A9DA77300D05655 /* main.m in Sources */ = {isa = PBXBuildFile; fileRef = 4448A0D21A9DA77300D05655 /* main.m */; };
		4448A0D61A9DA77300D05655 /* AppDelegate.m in Sources */ = {isa = PBXBuildFile; fileRef = 4448A0D51A9DA77300D05655 /* AppDelegate.m */; };
		4448A0D91A9DA77300D05655 /* ViewController.m in Sources */ = {isa = PBXBuildFile; fileRef = 4448A0D81A9DA77300D05655 /* ViewController.m */; };
		4448A0DC1A9DA77300D05655 /* Main.storyboard in Resources */ = {isa = PBXBuildFile; fileRef = 4448A0DA1A9DA77300D05655 /* Main.storyboard */; };
		4448A0DE1A9DA77300D05655 /* Images.xcassets in Resources */ = {isa = PBXBuildFile; fileRef = 4448A0DD1A9DA77300D05655 /* Images.xcassets */; };
		4448A0E11A9DA77300D05655 /* LaunchScreen.xib in Resources */ = {isa = PBXBuildFile; fileRef = 4448A0DF1A9DA77300D05655 /* LaunchScreen.xib */; };
		4448A0ED1A9DA77300D05655 /* iHelp_iOSTests.m in Sources */ = {isa = PBXBuildFile; fileRef = 4448A0EC1A9DA77300D05655 /* iHelp_iOSTests.m */; };
/* End PBXBuildFile section */

/* Begin PBXContainerItemProxy section */
		4448A0E71A9DA77300D05655 /* PBXContainerItemProxy */ = {
			isa = PBXContainerItemProxy;
			containerPortal = 4448A0C51A9DA77200D05655 /* Project object */;
			proxyType = 1;
			remoteGlobalIDString = 4448A0CC1A9DA77300D05655;
			remoteInfo = iHelp_iOS;
		};
/* End PBXContainerItemProxy section */

/* Begin PBXFileReference section */
		4448A0CD1A9DA77300D05655 /* iHelp_iOS.app */ = {isa = PBXFileReference; explicitFileType = wrapper.application; includeInIndex = 0; path = iHelp_iOS.app; sourceTree = BUILT_PRODUCTS_DIR; };
		4448A0D11A9DA77300D05655 /* Info.plist */ = {isa = PBXFileReference; lastKnownFileType = text.plist.xml; path = Info.plist; sourceTree = "<group>"; };
		4448A0D21A9DA77300D05655 /* main.m */ = {isa = PBXFileReference; lastKnownFileType = sourcecode.c.objc; path = main.m; sourceTree = "<group>"; };
		4448A0D41A9DA77300D05655 /* AppDelegate.h */ = {isa = PBXFileReference; lastKnownFileType = sourcecode.c.h; path = AppDelegate.h; sourceTree = "<group>"; };
		4448A0D51A9DA77300D05655 /* AppDelegate.m */ = {isa = PBXFileReference; lastKnownFileType = sourcecode.c.objc; path = AppDelegate.m; sourceTree = "<group>"; };
		4448A0D71A9DA77300D05655 /* ViewController.h */ = {isa = PBXFileReference; lastKnownFileType = sourcecode.c.h; path = ViewController.h; sourceTree = "<group>"; };
		4448A0D81A9DA77300D05655 /* ViewController.m */ = {isa = PBXFileReference; lastKnownFileType = sourcecode.c.objc; path = ViewController.m; sourceTree = "<group>"; };
		4448A0DB1A9DA77300D05655 /* Base */ = {isa = PBXFileReference; lastKnownFileType = file.storyboard; name = Base; path = Base.lproj/Main.storyboard; sourceTree = "<group>"; };
		4448A0DD1A9DA77300D05655 /* Images.xcassets */ = {isa = PBXFileReference; lastKnownFileType = folder.assetcatalog; path = Images.xcassets; sourceTree = "<group>"; };
		4448A0E01A9DA77300D05655 /* Base */ = {isa = PBXFileReference; lastKnownFileType = file.xib; name = Base; path = Base.lproj/LaunchScreen.xib; sourceTree = "<group>"; };
		4448A0E61A9DA77300D05655 /* iHelp_iOSTests.xctest */ = {isa = PBXFileReference; explicitFileType = wrapper.cfbundle; includeInIndex = 0; path = iHelp_iOSTests.xctest; sourceTree = BUILT_PRODUCTS_DIR; };
		4448A0EB1A9DA77300D05655 /* Info.plist */ = {isa = PBXFileReference; lastKnownFileType = text.plist.xml; path = Info.plist; sourceTree = "<group>"; };
		4448A0EC1A9DA77300D05655 /* iHelp_iOSTests.m */ = {isa = PBXFileReference; lastKnownFileType = sourcecode.c.objc; path = iHelp_iOSTests.m; sourceTree = "<group>"; };
/* End PBXFileReference section */

/* Begin PBXFrameworksBuildPhase section */
		4448A0CA1A9DA77300D05655 /* Frameworks */ = {
			isa = PBXFrameworksBuildPhase;
			buildActionMask = 2147483647;
			files = (
			);
			runOnlyForDeploymentPostprocessing = 0;
		};
		4448A0E31A9DA77300D05655 /* Frameworks */ = {
			isa = PBXFrameworksBuildPhase;
			buildActionMask = 2147483647;
			files = (
			);
			runOnlyForDeploymentPostprocessing = 0;
		};
/* End PBXFrameworksBuildPhase section */

/* Begin PBXGroup section */
		4448A0C41A9DA77200D05655 = {
			isa = PBXGroup;
			children = (
				4448A0CF1A9DA77300D05655 /* iHelp_iOS */,
				4448A0E91A9DA77300D05655 /* iHelp_iOSTests */,
				4448A0CE1A9DA77300D05655 /* Products */,
			);
			sourceTree = "<group>";
		};
		4448A0CE1A9DA77300D05655 /* Products */ = {
			isa = PBXGroup;
			children = (
				4448A0CD1A9DA77300D05655 /* iHelp_iOS.app */,
				4448A0E61A9DA77300D05655 /* iHelp_iOSTests.xctest */,
			);
			name = Products;
			sourceTree = "<group>";
		};
		4448A0CF1A9DA77300D05655 /* iHelp_iOS */ = {
			isa = PBXGroup;
			children = (
				4448A0D41A9DA77300D05655 /* AppDelegate.h */,
				4448A0D51A9DA77300D05655 /* AppDelegate.m */,
				4448A0D71A9DA77300D05655 /* ViewController.h */,
				4448A0D81A9DA77300D05655 /* ViewController.m */,
				4448A0DA1A9DA77300D05655 /* Main.storyboard */,
				4448A0DD1A9DA77300D05655 /* Images.xcassets */,
				4448A0DF1A9DA77300D05655 /* LaunchScreen.xib */,
				4448A0D01A9DA77300D05655 /* Supporting Files */,
			);
			path = iHelp_iOS;
			sourceTree = "<group>";
		};
		4448A0D01A9DA77300D05655 /* Supporting Files */ = {
			isa = PBXGroup;
			children = (
				4448A0D11A9DA77300D05655 /* Info.plist */,
				4448A0D21A9DA77300D05655 /* main.m */,
			);
			name = "Supporting Files";
			sourceTree = "<group>";
		};
		4448A0E91A9DA77300D05655 /* iHelp_iOSTests */ = {
			isa = PBXGroup;
			children = (
				4448A0EC1A9DA77300D05655 /* iHelp_iOSTests.m */,
				4448A0EA1A9DA77300D05655 /* Supporting Files */,
			);
			path = iHelp_iOSTests;
			sourceTree = "<group>";
		};
		4448A0EA1A9DA77300D05655 /* Supporting Files */ = {
			isa = PBXGroup;
			children = (
				4448A0EB1A9DA77300D05655 /* Info.plist */,
			);
			name = "Supporting Files";
			sourceTree = "<group>";
		};
/* End PBXGroup section */

/* Begin PBXNativeTarget section */
		4448A0CC1A9DA77300D05655 /* iHelp_iOS */ = {
			isa = PBXNativeTarget;
			buildConfigurationList = 4448A0F01A9DA77300D05655 /* Build configuration list for PBXNativeTarget "iHelp_iOS" */;
			buildPhases = (
				4448A0C91A9DA77300D05655 /* Sources */,
				4448A0CA1A9DA77300D05655 /* Frameworks */,
				4448A0CB1A9DA77300D05655 /* Resources */,
			);
			buildRules = (
			);
			dependencies = (
			);
			name = iHelp_iOS;
			productName = iHelp_iOS;
			productReference = 4448A0CD1A9DA77300D05655 /* iHelp_iOS.app */;
			productType = "com.apple.product-type.application";
		};
		4448A0E51A9DA77300D05655 /* iHelp_iOSTests */ = {
			isa = PBXNativeTarget;
			buildConfigurationList = 4448A0F31A9DA77300D05655 /* Build configuration list for PBXNativeTarget "iHelp_iOSTests" */;
			buildPhases = (
				4448A0E21A9DA77300D05655 /* Sources */,
				4448A0E31A9DA77300D05655 /* Frameworks */,
				4448A0E41A9DA77300D05655 /* Resources */,
			);
			buildRules = (
			);
			dependencies = (
				4448A0E81A9DA77300D05655 /* PBXTargetDependency */,
			);
			name = iHelp_iOSTests;
			productName = iHelp_iOSTests;
			productReference = 4448A0E61A9DA77300D05655 /* iHelp_iOSTests.xctest */;
			productType = "com.apple.product-type.bundle.unit-test";
		};
/* End PBXNativeTarget section */

/* Begin PBXProject section */
		4448A0C51A9DA77200D05655 /* Project object */ = {
			isa = PBXProject;
			attributes = {
				LastUpgradeCheck = 0610;
				ORGANIZATIONNAME = "Birdy Chang";
				TargetAttributes = {
					4448A0CC1A9DA77300D05655 = {
						CreatedOnToolsVersion = 6.1;
					};
					4448A0E51A9DA77300D05655 = {
						CreatedOnToolsVersion = 6.1;
						TestTargetID = 4448A0CC1A9DA77300D05655;
					};
				};
			};
			buildConfigurationList = 4448A0C81A9DA77200D05655 /* Build configuration list for PBXProject "iHelp_iOS" */;
			compatibilityVersion = "Xcode 3.2";
			developmentRegion = English;
			hasScannedForEncodings = 0;
			knownRegions = (
				en,
				Base,
			);
			mainGroup = 4448A0C41A9DA77200D05655;
			productRefGroup = 4448A0CE1A9DA77300D05655 /* Products */;
			projectDirPath = "";
			projectRoot = "";
			targets = (
				4448A0CC1A9DA77300D05655 /* iHelp_iOS */,
				4448A0E51A9DA77300D05655 /* iHelp_iOSTests */,
			);
		};
/* End PBXProject section */

/* Begin PBXResourcesBuildPhase section */
		4448A0CB1A9DA77300D05655 /* Resources */ = {
			isa = PBXResourcesBuildPhase;
			buildActionMask = 2147483647;
			files = (
				4448A0DC1A9DA77300D05655 /* Main.storyboard in Resources */,
				4448A0E11A9DA77300D05655 /* LaunchScreen.xib in Resources */,
				4448A0DE1A9DA77300D05655 /* Images.xcassets in Resources */,
			);
			runOnlyForDeploymentPostprocessing = 0;
		};
		4448A0E41A9DA77300D05655 /* Resources */ = {
			isa = PBXResourcesBuildPhase;
			buildActionMask = 2147483647;
			files = (
			);
			runOnlyForDeploymentPostprocessing = 0;
		};
/* End PBXResourcesBuildPhase section */

/* Begin PBXSourcesBuildPhase section */
		4448A0C91A9DA77300D05655 /* Sources */ = {
			isa = PBXSourcesBuildPhase;
			buildActionMask = 2147483647;
			files = (
				4448A0D91A9DA77300D05655 /* ViewController.m in Sources */,
				4448A0D61A9DA77300D05655 /* AppDelegate.m in Sources */,
				4448A0D31A9DA77300D05655 /* main.m in Sources */,
			);
			runOnlyForDeploymentPostprocessing = 0;
		};
		4448A0E21A9DA77300D05655 /* Sources */ = {
			isa = PBXSourcesBuildPhase;
			buildActionMask = 2147483647;
			files = (
				4448A0ED1A9DA77300D05655 /* iHelp_iOSTests.m in Sources */,
			);
			runOnlyForDeploymentPostprocessing = 0;
		};
/* End PBXSourcesBuildPhase section */

/* Begin PBXTargetDependency section */
		4448A0E81A9DA77300D05655 /* PBXTargetDependency */ = {
			isa = PBXTargetDependency;
			target = 4448A0CC1A9DA77300D05655 /* iHelp_iOS */;
			targetProxy = 4448A0E71A9DA77300D05655 /* PBXContainerItemProxy */;
		};
/* End PBXTargetDependency section */

/* Begin PBXVariantGroup section */
		4448A0DA1A9DA77300D05655 /* Main.storyboard */ = {
			isa = PBXVariantGroup;
			children = (
				4448A0DB1A9DA77300D05655 /* Base */,
			);
			name = Main.storyboard;
			sourceTree = "<group>";
		};
		4448A0DF1A9DA77300D05655 /* LaunchScreen.xib */ = {
			isa = PBXVariantGroup;
			children = (
				4448A0E01A9DA77300D05655 /* Base */,
			);
			name = LaunchScreen.xib;
			sourceTree = "<group>";
		};
/* End PBXVariantGroup section */

/* Begin XCBuildConfiguration section */
		4448A0EE1A9DA77300D05655 /* Debug */ = {
			isa = XCBuildConfiguration;
			buildSettings = {
				ALWAYS_SEARCH_USER_PATHS = NO;
				CLANG_CXX_LANGUAGE_STANDARD = "gnu++0x";
				CLANG_CXX_LIBRARY = "libc++";
				CLANG_ENABLE_MODULES = YES;
				CLANG_ENABLE_OBJC_ARC = YES;
				CLANG_WARN_BOOL_CONVERSION = YES;
				CLANG_WARN_CONSTANT_CONVERSION = YES;
				CLANG_WARN_DIRECT_OBJC_ISA_USAGE = YES_ERROR;
				CLANG_WARN_EMPTY_BODY = YES;
				CLANG_WARN_ENUM_CONVERSION = YES;
				CLANG_WARN_INT_CONVERSION = YES;
				CLANG_WARN_OBJC_ROOT_CLASS = YES_ERROR;
				CLANG_WARN_UNREACHABLE_CODE = YES;
				CLANG_WARN__DUPLICATE_METHOD_MATCH = YES;
				"CODE_SIGN_IDENTITY[sdk=iphoneos*]" = "iPhone Developer";
				COPY_PHASE_STRIP = NO;
				ENABLE_STRICT_OBJC_MSGSEND = YES;
				GCC_C_LANGUAGE_STANDARD = gnu99;
				GCC_DYNAMIC_NO_PIC = NO;
				GCC_OPTIMIZATION_LEVEL = 0;
				GCC_PREPROCESSOR_DEFINITIONS = (
					"DEBUG=1",
					"$(inherited)",
				);
				GCC_SYMBOLS_PRIVATE_EXTERN = NO;
				GCC_WARN_64_TO_32_BIT_CONVERSION = YES;
				GCC_WARN_ABOUT_RETURN_TYPE = YES_ERROR;
				GCC_WARN_UNDECLARED_SELECTOR = YES;
				GCC_WARN_UNINITIALIZED_AUTOS = YES_AGGRESSIVE;
				GCC_WARN_UNUSED_FUNCTION = YES;
				GCC_WARN_UNUSED_VARIABLE = YES;
				IPHONEOS_DEPLOYMENT_TARGET = 8.1;
				MTL_ENABLE_DEBUG_INFO = YES;
				ONLY_ACTIVE_ARCH = YES;
				SDKROOT = iphoneos;
			};
			name = Debug;
		};
		4448A0EF1A9DA77300D05655 /* Release */ = {
			isa = XCBuildConfiguration;
			buildSettings = {
				ALWAYS_SEARCH_USER_PATHS = NO;
				CLANG_CXX_LANGUAGE_STANDARD = "gnu++0x";
				CLANG_CXX_LIBRARY = "libc++";
				CLANG_ENABLE_MODULES = YES;
				CLANG_ENABLE_OBJC_ARC = YES;
				CLANG_WARN_BOOL_CONVERSION = YES;
				CLANG_WARN_CONSTANT_CONVERSION = YES;
				CLANG_WARN_DIRECT_OBJC_ISA_USAGE = YES_ERROR;
				CLANG_WARN_EMPTY_BODY = YES;
				CLANG_WARN_ENUM_CONVERSION = YES;
				CLANG_WARN_INT_CONVERSION = YES;
				CLANG_WARN_OBJC_ROOT_CLASS = YES_ERROR;
				CLANG_WARN_UNREACHABLE_CODE = YES;
				CLANG_WARN__DUPLICATE_METHOD_MATCH = YES;
				"CODE_SIGN_IDENTITY[sdk=iphoneos*]" = "iPhone Developer";
				COPY_PHASE_STRIP = YES;
				ENABLE_NS_ASSERTIONS = NO;
				ENABLE_STRICT_OBJC_MSGSEND = YES;
				GCC_C_LANGUAGE_STANDARD = gnu99;
				GCC_WARN_64_TO_32_BIT_CONVERSION = YES;
				GCC_WARN_ABOUT_RETURN_TYPE = YES_ERROR;
				GCC_WARN_UNDECLARED_SELECTOR = YES;
				GCC_WARN_UNINITIALIZED_AUTOS = YES_AGGRESSIVE;
				GCC_WARN_UNUSED_FUNCTION = YES;
				GCC_WARN_UNUSED_VARIABLE = YES;
				IPHONEOS_DEPLOYMENT_TARGET = 8.1;
				MTL_ENABLE_DEBUG_INFO = NO;
				SDKROOT = iphoneos;
				VALIDATE_PRODUCT = YES;
			};
			name = Release;
		};
		4448A0F11A9DA77300D05655 /* Debug */ = {
			isa = XCBuildConfiguration;
			buildSettings = {
				ASSETCATALOG_COMPILER_APPICON_NAME = AppIcon;
				INFOPLIST_FILE = iHelp_iOS/Info.plist;
				LD_RUNPATH_SEARCH_PATHS = "$(inherited) @executable_path/Frameworks";
				PRODUCT_NAME = "$(TARGET_NAME)";
			};
			name = Debug;
		};
		4448A0F21A9DA77300D05655 /* Release */ = {
			isa = XCBuildConfiguration;
			buildSettings = {
				ASSETCATALOG_COMPILER_APPICON_NAME = AppIcon;
				INFOPLIST_FILE = iHelp_iOS/Info.plist;
				LD_RUNPATH_SEARCH_PATHS = "$(inherited) @executable_path/Frameworks";
				PRODUCT_NAME = "$(TARGET_NAME)";
			};
			name = Release;
		};
		4448A0F41A9DA77300D05655 /* Debug */ = {
			isa = XCBuildConfiguration;
			buildSettings = {
				BUNDLE_LOADER = "$(TEST_HOST)";
				FRAMEWORK_SEARCH_PATHS = (
					"$(SDKROOT)/Developer/Library/Frameworks",
					"$(inherited)",
				);
				GCC_PREPROCESSOR_DEFINITIONS = (
					"DEBUG=1",
					"$(inherited)",
				);
				INFOPLIST_FILE = iHelp_iOSTests/Info.plist;
				LD_RUNPATH_SEARCH_PATHS = "$(inherited) @executable_path/Frameworks @loader_path/Frameworks";
				PRODUCT_NAME = "$(TARGET_NAME)";
				TEST_HOST = "$(BUILT_PRODUCTS_DIR)/iHelp_iOS.app/iHelp_iOS";
			};
			name = Debug;
		};
		4448A0F51A9DA77300D05655 /* Release */ = {
			isa = XCBuildConfiguration;
			buildSettings = {
				BUNDLE_LOADER = "$(TEST_HOST)";
				FRAMEWORK_SEARCH_PATHS = (
					"$(SDKROOT)/Developer/Library/Frameworks",
					"$(inherited)",
				);
				INFOPLIST_FILE = iHelp_iOSTests/Info.plist;
				LD_RUNPATH_SEARCH_PATHS = "$(inherited) @executable_path/Frameworks @loader_path/Frameworks";
				PRODUCT_NAME = "$(TARGET_NAME)";
				TEST_HOST = "$(BUILT_PRODUCTS_DIR)/iHelp_iOS.app/iHelp_iOS";
			};
			name = Release;
		};
/* End XCBuildConfiguration section */

/* Begin XCConfigurationList section */
		4448A0C81A9DA77200D05655 /* Build configuration list for PBXProject "iHelp_iOS" */ = {
			isa = XCConfigurationList;
			buildConfigurations = (
				4448A0EE1A9DA77300D05655 /* Debug */,
				4448A0EF1A9DA77300D05655 /* Release */,
			);
			defaultConfigurationIsVisible = 0;
			defaultConfigurationName = Release;
		};
		4448A0F01A9DA77300D05655 /* Build configuration list for PBXNativeTarget "iHelp_iOS" */ = {
			isa = XCConfigurationList;
			buildConfigurations = (
				4448A0F11A9DA77300D05655 /* Debug */,
				4448A0F21A9DA77300D05655 /* Release */,
			);
			defaultConfigurationIsVisible = 0;
		};
		4448A0F31A9DA77300D05655 /* Build configuration list for PBXNativeTarget "iHelp_iOSTests" */ = {
			isa = XCConfigurationList;
			buildConfigurations = (
				4448A0F41A9DA77300D05655 /* Debug */,
				4448A0F51A9DA77300D05655 /* Release */,
			);
			defaultConfigurationIsVisible = 0;
		};
/* End XCConfigurationList section */
	};
	rootObject = 4448A0C51A9DA77200D05655 /* Project object */;
}
